
Microsoft Visual Studio Solution File, Format Version 12.00
# Visual Studio Version 17
VisualStudioVersion = 17.8.34322.80
MinimumVisualStudioVersion = 10.0.40219.1
Project("{FAE04EC0-301F-11D3-BF4B-00C04F79EFBC}") = "DanielTODO", "DanielTODO\DanielTODO.csproj", "{4A0273F9-ABF0-481A-943F-44C5A25C5833}"
EndProject
Global
	GlobalSection(SolutionConfigurationPlatforms) = preSolution
		Debug|Any CPU = Debug|Any CPU
		Release|Any CPU = Release|Any CPU
	EndGlobalSection
	GlobalSection(ProjectConfigurationPlatforms) = postSolution
		{4A0273F9-ABF0-481A-943F-44C5A25C5833}.Debug|Any CPU.ActiveCfg = Debug|Any CPU
		{4A0273F9-ABF0-481A-943F-44C5A25C5833}.Debug|Any CPU.Build.0 = Debug|Any CPU
		{4A0273F9-ABF0-481A-943F-44C5A25C5833}.Release|Any CPU.ActiveCfg = Release|Any CPU
		{4A0273F9-ABF0-481A-943F-44C5A25C5833}.Release|Any CPU.Build.0 = Release|Any CPU
	EndGlobalSection
	GlobalSection(SolutionProperties) = preSolution
		HideSolutionNode = FALSE
	EndGlobalSection
	GlobalSection(ExtensibilityGlobals) = postSolution
		SolutionGuid = {EA260104-94E3-4468-9960-9FF26D3C5469}
	EndGlobalSection
EndGlobal
